PODS:
  - Flutter (1.0.0)
  - screen (0.0.1):
    - Flutter

DEPENDENCIES:
  - Flutter (from `/Users/travis/development/flutter/bin/cache/artifacts/engine/ios`)
  - screen (from `/Users/travis/StudioProjects/flutter_screen/ios`)

EXTERNAL SOURCES:
  Flutter:
    :path: "/Users/travis/development/flutter/bin/cache/artifacts/engine/ios"
  screen:
    :path: "/Users/travis/StudioProjects/flutter_screen/ios"

SPEC CHECKSUMS:
  Flutter: 9d0fac939486c9aba2809b7982dfdbb47a7b0296
  screen: 22ab9c4a784112d4b21ad7d80e81729e0afdaa65

PODFILE CHECKSUM: 351e02e34b831289961ec3558a535cbd2c4965d2

COCOAPODS: 1.5.3
